
Microsoft Visual Studio Solution File, Format Version 12.00
# Visual Studio Version 17
VisualStudioVersion = 17.7.34221.43
MinimumVisualStudioVersion = 10.0.40219.1
Project("{FAE04EC0-301F-11D3-BF4B-00C04F79EFBC}") = "WebApiSamsys", "WebApiSamsys\WebApiSamsys.csproj", "{019BD106-6F17-40C5-B33A-D10A767409B0}"
EndProject
Global
	GlobalSection(SolutionConfigurationPlatforms) = preSolution
		Debug|Any CPU = Debug|Any CPU
		Release|Any CPU = Release|Any CPU
	EndGlobalSection
	GlobalSection(ProjectConfigurationPlatforms) = postSolution
		{019BD106-6F17-40C5-B33A-D10A767409B0}.Debug|Any CPU.ActiveCfg = Debug|Any CPU
		{019BD106-6F17-40C5-B33A-D10A767409B0}.Debug|Any CPU.Build.0 = Debug|Any CPU
		{019BD106-6F17-40C5-B33A-D10A767409B0}.Release|Any CPU.ActiveCfg = Release|Any CPU
		{019BD106-6F17-40C5-B33A-D10A767409B0}.Release|Any CPU.Build.0 = Release|Any CPU
	EndGlobalSection
	GlobalSection(SolutionProperties) = preSolution
		HideSolutionNode = FALSE
	EndGlobalSection
	GlobalSection(ExtensibilityGlobals) = postSolution
		SolutionGuid = {98101831-6362-474B-AE83-080BA4BCA667}
	EndGlobalSection
EndGlobal
