
Microsoft Visual Studio Solution File, Format Version 12.00
# Visual Studio Version 17
VisualStudioVersion = 17.7.34221.43
MinimumVisualStudioVersion = 10.0.40219.1
Project("{FAE04EC0-301F-11D3-BF4B-00C04F79EFBC}") = "webApiBookSamsys", "webApiBookSamsys\webApiBookSamsys.csproj", "{73DD2863-9D96-407D-9B3C-3E5280F73765}"
EndProject
Global
	GlobalSection(SolutionConfigurationPlatforms) = preSolution
		Debug|Any CPU = Debug|Any CPU
		Release|Any CPU = Release|Any CPU
	EndGlobalSection
	GlobalSection(ProjectConfigurationPlatforms) = postSolution
		{73DD2863-9D96-407D-9B3C-3E5280F73765}.Debug|Any CPU.ActiveCfg = Debug|Any CPU
		{73DD2863-9D96-407D-9B3C-3E5280F73765}.Debug|Any CPU.Build.0 = Debug|Any CPU
		{73DD2863-9D96-407D-9B3C-3E5280F73765}.Release|Any CPU.ActiveCfg = Release|Any CPU
		{73DD2863-9D96-407D-9B3C-3E5280F73765}.Release|Any CPU.Build.0 = Release|Any CPU
	EndGlobalSection
	GlobalSection(SolutionProperties) = preSolution
		HideSolutionNode = FALSE
	EndGlobalSection
	GlobalSection(ExtensibilityGlobals) = postSolution
		SolutionGuid = {C341B4E1-7025-4538-A1D7-D070F9D3F234}
	EndGlobalSection
EndGlobal
