
Microsoft Visual Studio Solution File, Format Version 12.00
# Visual Studio Version 17
VisualStudioVersion = 17.7.34221.43
MinimumVisualStudioVersion = 10.0.40219.1
Project("{FAE04EC0-301F-11D3-BF4B-00C04F79EFBC}") = "webApiSamsys", "webApiSamsys\webApiSamsys.csproj", "{10B57670-3714-4B8A-AFD6-A267F328D0B6}"
EndProject
Global
	GlobalSection(SolutionConfigurationPlatforms) = preSolution
		Debug|Any CPU = Debug|Any CPU
		Release|Any CPU = Release|Any CPU
	EndGlobalSection
	GlobalSection(ProjectConfigurationPlatforms) = postSolution
		{10B57670-3714-4B8A-AFD6-A267F328D0B6}.Debug|Any CPU.ActiveCfg = Debug|Any CPU
		{10B57670-3714-4B8A-AFD6-A267F328D0B6}.Debug|Any CPU.Build.0 = Debug|Any CPU
		{10B57670-3714-4B8A-AFD6-A267F328D0B6}.Release|Any CPU.ActiveCfg = Release|Any CPU
		{10B57670-3714-4B8A-AFD6-A267F328D0B6}.Release|Any CPU.Build.0 = Release|Any CPU
	EndGlobalSection
	GlobalSection(SolutionProperties) = preSolution
		HideSolutionNode = FALSE
	EndGlobalSection
	GlobalSection(ExtensibilityGlobals) = postSolution
		SolutionGuid = {FA788C5A-C272-4A55-BD28-D58D2A61F7E2}
	EndGlobalSection
EndGlobal
